
Microsoft Visual Studio Solution File, Format Version 12.00
# Visual Studio Version 17
VisualStudioVersion = 17.14.36429.23 d17.14
MinimumVisualStudioVersion = 10.0.40219.1
Project("{FAE04EC0-301F-11D3-BF4B-00C04F79EFBC}") = "Nhom5_QuanLyBida", "Nhom5_QuanLyBida.csproj", "{D9061F06-8698-4217-BD1A-6F4C169DDCFD}"
EndProject
Global
	GlobalSection(SolutionConfigurationPlatforms) = preSolution
		Debug|Any CPU = Debug|Any CPU
		Release|Any CPU = Release|Any CPU
	EndGlobalSection
	GlobalSection(ProjectConfigurationPlatforms) = postSolution
		{D9061F06-8698-4217-BD1A-6F4C169DDCFD}.Debug|Any CPU.ActiveCfg = Debug|Any CPU
		{D9061F06-8698-4217-BD1A-6F4C169DDCFD}.Debug|Any CPU.Build.0 = Debug|Any CPU
		{D9061F06-8698-4217-BD1A-6F4C169DDCFD}.Release|Any CPU.ActiveCfg = Release|Any CPU
		{D9061F06-8698-4217-BD1A-6F4C169DDCFD}.Release|Any CPU.Build.0 = Release|Any CPU
	EndGlobalSection
	GlobalSection(SolutionProperties) = preSolution
		HideSolutionNode = FALSE
	EndGlobalSection
	GlobalSection(ExtensibilityGlobals) = postSolution
		SolutionGuid = {62F56D05-DAEF-4BE5-9583-B9BBD7039B70}
	EndGlobalSection
EndGlobal
